name: Update flake.lock

on:
  workflow_dispatch:
  schedule:
    - cron: "0 3 * * *"

jobs:
  lockfile:
    runs-on: ubuntu-latest
    steps:
      - uses: actions/checkout@v6
        with:
          ref: main

      - uses: DeterminateSystems/nix-installer-action@main

      - name: Update flake.lock
        uses: DeterminateSystems/update-flake-lock@main
        with:
          token: ${{ secrets.FLAKE_LOCK_PAT }}
          branch: flake-update
          commit-msg: "flake.lock: update"
          pr-title: "flake.lock: update"
          pr-body: |
            ```
            {{ env.GIT_COMMIT_MESSAGE }}
            ```
